
Microsoft Visual Studio Solution File, Format Version 12.00
# Visual Studio Version 17
VisualStudioVersion = 17.14.36127.28 d17.14
MinimumVisualStudioVersion = 10.0.40219.1
Project("{FAE04EC0-301F-11D3-BF4B-00C04F79EFBC}") = "MauiGameLibrary", "MauiGameLibrary\MauiGameLibrary.csproj", "{FF3A56DE-DC98-4C70-8CD5-B87074ED43A7}"
EndProject
Global
	GlobalSection(SolutionConfigurationPlatforms) = preSolution
		Debug|Any CPU = Debug|Any CPU
		Release|Any CPU = Release|Any CPU
	EndGlobalSection
	GlobalSection(ProjectConfigurationPlatforms) = postSolution
		{FF3A56DE-DC98-4C70-8CD5-B87074ED43A7}.Debug|Any CPU.ActiveCfg = Debug|Any CPU
		{FF3A56DE-DC98-4C70-8CD5-B87074ED43A7}.Debug|Any CPU.Build.0 = Debug|Any CPU
		{FF3A56DE-DC98-4C70-8CD5-B87074ED43A7}.Release|Any CPU.ActiveCfg = Release|Any CPU
		{FF3A56DE-DC98-4C70-8CD5-B87074ED43A7}.Release|Any CPU.Build.0 = Release|Any CPU
	EndGlobalSection
	GlobalSection(SolutionProperties) = preSolution
		HideSolutionNode = FALSE
	EndGlobalSection
	GlobalSection(ExtensibilityGlobals) = postSolution
		SolutionGuid = {54741099-1988-4AB6-9BE8-7B104D03C4FA}
	EndGlobalSection
EndGlobal
